{
  "name": "snowflake-generator",
  "version": "0.0.3",
  "lockfileVersion": 1,
  "requires": true,
  "dependencies": {
    "lite-merge": {
      "version": "1.0.6",
      "resolved": "https://registry.npmjs.org/lite-merge/-/lite-merge-1.0.6.tgz",
      "integrity": "sha512-p+7THsJ89DkfKonBf165r+qlobTw5rmnsJvkJ3QVJ9sl4eHzXp+/YMiAQZKa27XT+YCsg7yMKKYsBklUUyvISw=="
    }
  }
}
